{
  "name": "jsplatformshometask",
  "version": "1.0.0",
  "lockfileVersion": 3,
  "requires": true,
  "packages": {
    "": {
      "name": "jsplatformshometask",
      "version": "1.0.0",
      "license": "ISC",
      "devDependencies": {
        "@poguchampudayo/bestpackageever": "^1.0.0"
      }
    },
    "node_modules/@poguchampudayo/bestpackageever": {
      "version": "1.0.0",
      "resolved": "https://npm.pkg.github.com/download/@poguchampudayo/bestpackageever/1.0.0/fc63fca2bc799e85ea95a799c8c3078435205d5c",
      "integrity": "sha512-Yonf4YozaM6mM1WqZEqJ9UXWaqIG7NnroFdotVf/GZmCy54bJjfGqgq2JUD8ogMIthsKEc+8Nai4rTmfQnxCXA==",
      "dev": true,
      "license": "ISC"
    }
  }
}
